
Microsoft Visual Studio Solution File, Format Version 12.00
# Visual Studio Version 17
VisualStudioVersion = 17.14.36221.1 d17.14
MinimumVisualStudioVersion = 10.0.40219.1
Project("{FAE04EC0-301F-11D3-BF4B-00C04F79EFBC}") = "task_1", "task_1\task_1.csproj", "{F5324D05-A396-4D53-9B35-2F0078FBED09}"
EndProject
Global
	GlobalSection(SolutionConfigurationPlatforms) = preSolution
		Debug|Any CPU = Debug|Any CPU
		Release|Any CPU = Release|Any CPU
	EndGlobalSection
	GlobalSection(ProjectConfigurationPlatforms) = postSolution
		{F5324D05-A396-4D53-9B35-2F0078FBED09}.Debug|Any CPU.ActiveCfg = Debug|Any CPU
		{F5324D05-A396-4D53-9B35-2F0078FBED09}.Debug|Any CPU.Build.0 = Debug|Any CPU
		{F5324D05-A396-4D53-9B35-2F0078FBED09}.Release|Any CPU.ActiveCfg = Release|Any CPU
		{F5324D05-A396-4D53-9B35-2F0078FBED09}.Release|Any CPU.Build.0 = Release|Any CPU
	EndGlobalSection
	GlobalSection(SolutionProperties) = preSolution
		HideSolutionNode = FALSE
	EndGlobalSection
	GlobalSection(ExtensibilityGlobals) = postSolution
		SolutionGuid = {5997C8CC-930B-477F-807B-040911BF315D}
	EndGlobalSection
EndGlobal
