
Microsoft Visual Studio Solution File, Format Version 12.00
# Visual Studio Version 17
VisualStudioVersion = 17.14.36212.18 d17.14
MinimumVisualStudioVersion = 10.0.40219.1
Project("{FAE04EC0-301F-11D3-BF4B-00C04F79EFBC}") = "side_of_the_square", "side_of_the_square\side_of_the_square.csproj", "{C041B533-BA8D-4219-B6EA-713FF62B1509}"
EndProject
Project("{FAE04EC0-301F-11D3-BF4B-00C04F79EFBC}") = "greetings", "greetings\greetings.csproj", "{552DC10D-219D-4680-B751-501AEC74F18B}"
EndProject
Project("{FAE04EC0-301F-11D3-BF4B-00C04F79EFBC}") = "circle_calculations", "circle_calculations\circle_calculations.csproj", "{F6ADF41A-7E8B-4C0D-AA70-E5943DDFA03C}"
EndProject
Global
	GlobalSection(SolutionConfigurationPlatforms) = preSolution
		Debug|Any CPU = Debug|Any CPU
		Release|Any CPU = Release|Any CPU
	EndGlobalSection
	GlobalSection(ProjectConfigurationPlatforms) = postSolution
		{C041B533-BA8D-4219-B6EA-713FF62B1509}.Debug|Any CPU.ActiveCfg = Debug|Any CPU
		{C041B533-BA8D-4219-B6EA-713FF62B1509}.Debug|Any CPU.Build.0 = Debug|Any CPU
		{C041B533-BA8D-4219-B6EA-713FF62B1509}.Release|Any CPU.ActiveCfg = Release|Any CPU
		{C041B533-BA8D-4219-B6EA-713FF62B1509}.Release|Any CPU.Build.0 = Release|Any CPU
		{552DC10D-219D-4680-B751-501AEC74F18B}.Debug|Any CPU.ActiveCfg = Debug|Any CPU
		{552DC10D-219D-4680-B751-501AEC74F18B}.Debug|Any CPU.Build.0 = Debug|Any CPU
		{552DC10D-219D-4680-B751-501AEC74F18B}.Release|Any CPU.ActiveCfg = Release|Any CPU
		{552DC10D-219D-4680-B751-501AEC74F18B}.Release|Any CPU.Build.0 = Release|Any CPU
		{F6ADF41A-7E8B-4C0D-AA70-E5943DDFA03C}.Debug|Any CPU.ActiveCfg = Debug|Any CPU
		{F6ADF41A-7E8B-4C0D-AA70-E5943DDFA03C}.Debug|Any CPU.Build.0 = Debug|Any CPU
		{F6ADF41A-7E8B-4C0D-AA70-E5943DDFA03C}.Release|Any CPU.ActiveCfg = Release|Any CPU
		{F6ADF41A-7E8B-4C0D-AA70-E5943DDFA03C}.Release|Any CPU.Build.0 = Release|Any CPU
	EndGlobalSection
	GlobalSection(SolutionProperties) = preSolution
		HideSolutionNode = FALSE
	EndGlobalSection
	GlobalSection(ExtensibilityGlobals) = postSolution
		SolutionGuid = {89C54A6E-C573-4B10-A00D-0DCE3830C476}
	EndGlobalSection
EndGlobal
