
Microsoft Visual Studio Solution File, Format Version 12.00
# Visual Studio Version 17
VisualStudioVersion = 17.14.36221.1
MinimumVisualStudioVersion = 10.0.40219.1
Project("{FAE04EC0-301F-11D3-BF4B-00C04F79EFBC}") = "task_1", "task_1\task_1.csproj", "{3F708A3D-F998-4A6A-9073-60476484B22E}"
EndProject
Project("{FAE04EC0-301F-11D3-BF4B-00C04F79EFBC}") = "task_2", "task_2\task_2.csproj", "{288164AB-4AD8-4FE9-9E8F-447D6FE70044}"
EndProject
Global
	GlobalSection(SolutionConfigurationPlatforms) = preSolution
		Debug|Any CPU = Debug|Any CPU
		Release|Any CPU = Release|Any CPU
	EndGlobalSection
	GlobalSection(ProjectConfigurationPlatforms) = postSolution
		{3F708A3D-F998-4A6A-9073-60476484B22E}.Debug|Any CPU.ActiveCfg = Debug|Any CPU
		{3F708A3D-F998-4A6A-9073-60476484B22E}.Debug|Any CPU.Build.0 = Debug|Any CPU
		{3F708A3D-F998-4A6A-9073-60476484B22E}.Release|Any CPU.ActiveCfg = Release|Any CPU
		{3F708A3D-F998-4A6A-9073-60476484B22E}.Release|Any CPU.Build.0 = Release|Any CPU
		{288164AB-4AD8-4FE9-9E8F-447D6FE70044}.Debug|Any CPU.ActiveCfg = Debug|Any CPU
		{288164AB-4AD8-4FE9-9E8F-447D6FE70044}.Debug|Any CPU.Build.0 = Debug|Any CPU
		{288164AB-4AD8-4FE9-9E8F-447D6FE70044}.Release|Any CPU.ActiveCfg = Release|Any CPU
		{288164AB-4AD8-4FE9-9E8F-447D6FE70044}.Release|Any CPU.Build.0 = Release|Any CPU
	EndGlobalSection
	GlobalSection(SolutionProperties) = preSolution
		HideSolutionNode = FALSE
	EndGlobalSection
	GlobalSection(ExtensibilityGlobals) = postSolution
		SolutionGuid = {30DA782F-C48C-4501-98FB-A9DA3D2FADFE}
	EndGlobalSection
EndGlobal
