
Microsoft Visual Studio Solution File, Format Version 12.00
# Visual Studio Version 17
VisualStudioVersion = 17.14.36221.1
MinimumVisualStudioVersion = 10.0.40219.1
Project("{FAE04EC0-301F-11D3-BF4B-00C04F79EFBC}") = "task_1", "task_1\task_1.csproj", "{9CEA9E8E-5951-402B-AE09-932CC703EAA8}"
EndProject
Project("{FAE04EC0-301F-11D3-BF4B-00C04F79EFBC}") = "task_2", "task_2\task_2.csproj", "{03A906C5-2C25-43C3-A775-69A3F48923D8}"
EndProject
Global
	GlobalSection(SolutionConfigurationPlatforms) = preSolution
		Debug|Any CPU = Debug|Any CPU
		Release|Any CPU = Release|Any CPU
	EndGlobalSection
	GlobalSection(ProjectConfigurationPlatforms) = postSolution
		{9CEA9E8E-5951-402B-AE09-932CC703EAA8}.Debug|Any CPU.ActiveCfg = Debug|Any CPU
		{9CEA9E8E-5951-402B-AE09-932CC703EAA8}.Debug|Any CPU.Build.0 = Debug|Any CPU
		{9CEA9E8E-5951-402B-AE09-932CC703EAA8}.Release|Any CPU.ActiveCfg = Release|Any CPU
		{9CEA9E8E-5951-402B-AE09-932CC703EAA8}.Release|Any CPU.Build.0 = Release|Any CPU
		{03A906C5-2C25-43C3-A775-69A3F48923D8}.Debug|Any CPU.ActiveCfg = Debug|Any CPU
		{03A906C5-2C25-43C3-A775-69A3F48923D8}.Debug|Any CPU.Build.0 = Debug|Any CPU
		{03A906C5-2C25-43C3-A775-69A3F48923D8}.Release|Any CPU.ActiveCfg = Release|Any CPU
		{03A906C5-2C25-43C3-A775-69A3F48923D8}.Release|Any CPU.Build.0 = Release|Any CPU
	EndGlobalSection
	GlobalSection(SolutionProperties) = preSolution
		HideSolutionNode = FALSE
	EndGlobalSection
	GlobalSection(ExtensibilityGlobals) = postSolution
		SolutionGuid = {C76638C8-2975-4463-9D79-FF012114A615}
	EndGlobalSection
EndGlobal
