
Microsoft Visual Studio Solution File, Format Version 12.00
# Visual Studio Version 17
VisualStudioVersion = 17.14.36221.1 d17.14
MinimumVisualStudioVersion = 10.0.40219.1
Project("{FAE04EC0-301F-11D3-BF4B-00C04F79EFBC}") = "task_1", "task_1\task_1.csproj", "{993A42EC-330C-4CEE-A693-AC5EF48D32F8}"
EndProject
Project("{FAE04EC0-301F-11D3-BF4B-00C04F79EFBC}") = "task_2", "task_2\task_2.csproj", "{4244603D-303B-49CF-81F3-51E339EF5EB9}"
EndProject
Global
	GlobalSection(SolutionConfigurationPlatforms) = preSolution
		Debug|Any CPU = Debug|Any CPU
		Release|Any CPU = Release|Any CPU
	EndGlobalSection
	GlobalSection(ProjectConfigurationPlatforms) = postSolution
		{993A42EC-330C-4CEE-A693-AC5EF48D32F8}.Debug|Any CPU.ActiveCfg = Debug|Any CPU
		{993A42EC-330C-4CEE-A693-AC5EF48D32F8}.Debug|Any CPU.Build.0 = Debug|Any CPU
		{993A42EC-330C-4CEE-A693-AC5EF48D32F8}.Release|Any CPU.ActiveCfg = Release|Any CPU
		{993A42EC-330C-4CEE-A693-AC5EF48D32F8}.Release|Any CPU.Build.0 = Release|Any CPU
		{4244603D-303B-49CF-81F3-51E339EF5EB9}.Debug|Any CPU.ActiveCfg = Debug|Any CPU
		{4244603D-303B-49CF-81F3-51E339EF5EB9}.Debug|Any CPU.Build.0 = Debug|Any CPU
		{4244603D-303B-49CF-81F3-51E339EF5EB9}.Release|Any CPU.ActiveCfg = Release|Any CPU
		{4244603D-303B-49CF-81F3-51E339EF5EB9}.Release|Any CPU.Build.0 = Release|Any CPU
	EndGlobalSection
	GlobalSection(SolutionProperties) = preSolution
		HideSolutionNode = FALSE
	EndGlobalSection
	GlobalSection(ExtensibilityGlobals) = postSolution
		SolutionGuid = {7B309162-F619-4BF5-9824-9971494EE20A}
	EndGlobalSection
EndGlobal
